
Microsoft Visual Studio Solution File, Format Version 12.00
# Visual Studio Version 16
VisualStudioVersion = 16.0.29102.190
MinimumVisualStudioVersion = 10.0.40219.1
Project("{FAE04EC0-301F-11D3-BF4B-00C04F79EFBC}") = "UploadBoxScoreData", "UploadBoxScoreData\UploadBoxScoreData.csproj", "{94A1088C-0210-4A8C-A0E5-BC2F72D60BAC}"
EndProject
Global
	GlobalSection(SolutionConfigurationPlatforms) = preSolution
		Debug|Any CPU = Debug|Any CPU
		Release|Any CPU = Release|Any CPU
	EndGlobalSection
	GlobalSection(ProjectConfigurationPlatforms) = postSolution
		{94A1088C-0210-4A8C-A0E5-BC2F72D60BAC}.Debug|Any CPU.ActiveCfg = Debug|Any CPU
		{94A1088C-0210-4A8C-A0E5-BC2F72D60BAC}.Debug|Any CPU.Build.0 = Debug|Any CPU
		{94A1088C-0210-4A8C-A0E5-BC2F72D60BAC}.Release|Any CPU.ActiveCfg = Release|Any CPU
		{94A1088C-0210-4A8C-A0E5-BC2F72D60BAC}.Release|Any CPU.Build.0 = Release|Any CPU
	EndGlobalSection
	GlobalSection(SolutionProperties) = preSolution
		HideSolutionNode = FALSE
	EndGlobalSection
	GlobalSection(ExtensibilityGlobals) = postSolution
		SolutionGuid = {399128BE-354C-4CE7-88C9-DAAFCA74738F}
	EndGlobalSection
EndGlobal
