
Microsoft Visual Studio Solution File, Format Version 12.00
# Visual Studio Version 16
VisualStudioVersion = 16.0.29020.237
MinimumVisualStudioVersion = 10.0.40219.1
Project("{9A19103F-16F7-4668-BE54-9A1E7A4F7556}") = "NCAAHoops", "NCAAHoops\NCAAHoops.csproj", "{D956DD1D-255A-435F-847D-8365FF529037}"
EndProject
Project("{FAE04EC0-301F-11D3-BF4B-00C04F79EFBC}") = "RequestTest", "RequestTest\RequestTest.csproj", "{474A4458-9E3A-4716-9110-FAA60B27C665}"
EndProject
Global
	GlobalSection(SolutionConfigurationPlatforms) = preSolution
		Debug|Any CPU = Debug|Any CPU
		Release|Any CPU = Release|Any CPU
	EndGlobalSection
	GlobalSection(ProjectConfigurationPlatforms) = postSolution
		{D956DD1D-255A-435F-847D-8365FF529037}.Debug|Any CPU.ActiveCfg = Debug|Any CPU
		{D956DD1D-255A-435F-847D-8365FF529037}.Debug|Any CPU.Build.0 = Debug|Any CPU
		{D956DD1D-255A-435F-847D-8365FF529037}.Release|Any CPU.ActiveCfg = Release|Any CPU
		{D956DD1D-255A-435F-847D-8365FF529037}.Release|Any CPU.Build.0 = Release|Any CPU
		{474A4458-9E3A-4716-9110-FAA60B27C665}.Debug|Any CPU.ActiveCfg = Debug|Any CPU
		{474A4458-9E3A-4716-9110-FAA60B27C665}.Debug|Any CPU.Build.0 = Debug|Any CPU
		{474A4458-9E3A-4716-9110-FAA60B27C665}.Release|Any CPU.ActiveCfg = Release|Any CPU
		{474A4458-9E3A-4716-9110-FAA60B27C665}.Release|Any CPU.Build.0 = Release|Any CPU
	EndGlobalSection
	GlobalSection(SolutionProperties) = preSolution
		HideSolutionNode = FALSE
	EndGlobalSection
	GlobalSection(ExtensibilityGlobals) = postSolution
		SolutionGuid = {4F2CAB56-FF1D-4167-B08A-3743C07201DD}
	EndGlobalSection
EndGlobal
